
Microsoft Visual Studio Solution File, Format Version 12.00
# Visual Studio Version 17
VisualStudioVersion = 17.10.35122.118
MinimumVisualStudioVersion = 10.0.40219.1
Project("{F184B08F-C81C-45F6-A57F-5ABD9991F28F}") = "SCalculator", "SCalculator\SCalculator.vbproj", "{199787CB-628A-472D-B0D5-6B4BD6AF3C9B}"
EndProject
Global
	GlobalSection(SolutionConfigurationPlatforms) = preSolution
		Debug|Any CPU = Debug|Any CPU
		Release|Any CPU = Release|Any CPU
	EndGlobalSection
	GlobalSection(ProjectConfigurationPlatforms) = postSolution
		{199787CB-628A-472D-B0D5-6B4BD6AF3C9B}.Debug|Any CPU.ActiveCfg = Debug|Any CPU
		{199787CB-628A-472D-B0D5-6B4BD6AF3C9B}.Debug|Any CPU.Build.0 = Debug|Any CPU
		{199787CB-628A-472D-B0D5-6B4BD6AF3C9B}.Release|Any CPU.ActiveCfg = Release|Any CPU
		{199787CB-628A-472D-B0D5-6B4BD6AF3C9B}.Release|Any CPU.Build.0 = Release|Any CPU
	EndGlobalSection
	GlobalSection(SolutionProperties) = preSolution
		HideSolutionNode = FALSE
	EndGlobalSection
	GlobalSection(ExtensibilityGlobals) = postSolution
		SolutionGuid = {26D10390-3542-462F-B572-F6EAC2EFA0E1}
	EndGlobalSection
EndGlobal
